
Microsoft Visual Studio Solution File, Format Version 12.00
# Visual Studio 14
VisualStudioVersion = 14.0.23107.0
MinimumVisualStudioVersion = 10.0.40219.1
Project("{FAE04EC0-301F-11D3-BF4B-00C04F79EFBC}") = "ArtProject", "ArtProject\ArtProject.csproj", "{A78B651A-A6B0-4E0C-8236-36E70BC5A35D}"
EndProject
Global
	GlobalSection(SolutionConfigurationPlatforms) = preSolution
		Debug|Any CPU = Debug|Any CPU
		Release|Any CPU = Release|Any CPU
	EndGlobalSection
	GlobalSection(ProjectConfigurationPlatforms) = postSolution
		{A78B651A-A6B0-4E0C-8236-36E70BC5A35D}.Debug|Any CPU.ActiveCfg = Debug|Any CPU
		{A78B651A-A6B0-4E0C-8236-36E70BC5A35D}.Debug|Any CPU.Build.0 = Debug|Any CPU
		{A78B651A-A6B0-4E0C-8236-36E70BC5A35D}.Release|Any CPU.ActiveCfg = Release|Any CPU
		{A78B651A-A6B0-4E0C-8236-36E70BC5A35D}.Release|Any CPU.Build.0 = Release|Any CPU
	EndGlobalSection
	GlobalSection(SolutionProperties) = preSolution
		HideSolutionNode = FALSE
	EndGlobalSection
EndGlobal
